
Microsoft Visual Studio Solution File, Format Version 12.00
# Visual Studio Version 16
VisualStudioVersion = 16.0.29613.14
MinimumVisualStudioVersion = 10.0.40219.1
Project("{FAE04EC0-301F-11D3-BF4B-00C04F79EFBC}") = "BookOverflowForms", "BookOverflowForms.csproj", "{67E401D3-4A52-442C-BCCF-A93B18896294}"
EndProject
Global
	GlobalSection(SolutionConfigurationPlatforms) = preSolution
		Debug|Any CPU = Debug|Any CPU
		Release|Any CPU = Release|Any CPU
	EndGlobalSection
	GlobalSection(ProjectConfigurationPlatforms) = postSolution
		{67E401D3-4A52-442C-BCCF-A93B18896294}.Debug|Any CPU.ActiveCfg = Debug|Any CPU
		{67E401D3-4A52-442C-BCCF-A93B18896294}.Debug|Any CPU.Build.0 = Debug|Any CPU
		{67E401D3-4A52-442C-BCCF-A93B18896294}.Release|Any CPU.ActiveCfg = Release|Any CPU
		{67E401D3-4A52-442C-BCCF-A93B18896294}.Release|Any CPU.Build.0 = Release|Any CPU
	EndGlobalSection
	GlobalSection(SolutionProperties) = preSolution
		HideSolutionNode = FALSE
	EndGlobalSection
	GlobalSection(ExtensibilityGlobals) = postSolution
		SolutionGuid = {8AAFA6FE-3C9E-40D6-AB44-4A7457175FC1}
	EndGlobalSection
EndGlobal
